
Microsoft Visual Studio Solution File, Format Version 12.00
# Visual Studio Version 17
VisualStudioVersion = 17.4.33205.214
MinimumVisualStudioVersion = 10.0.40219.1
Project("{FAE04EC0-301F-11D3-BF4B-00C04F79EFBC}") = "objectfinalprj", "FinalProject\objectfinalprj.csproj", "{6C15C979-060F-4501-85DC-B71D315C56D6}"
EndProject
Project("{2150E333-8FDC-42A3-9474-1A3956D46DE8}") = "Solution Items", "Solution Items", "{8A1D97EC-DA0F-4FBB-9AAF-2D55B08673D8}"
EndProject
Global
	GlobalSection(SolutionConfigurationPlatforms) = preSolution
		Debug|Any CPU = Debug|Any CPU
		Release|Any CPU = Release|Any CPU
	EndGlobalSection
	GlobalSection(ProjectConfigurationPlatforms) = postSolution
		{6C15C979-060F-4501-85DC-B71D315C56D6}.Debug|Any CPU.ActiveCfg = Debug|Any CPU
		{6C15C979-060F-4501-85DC-B71D315C56D6}.Debug|Any CPU.Build.0 = Debug|Any CPU
		{6C15C979-060F-4501-85DC-B71D315C56D6}.Release|Any CPU.ActiveCfg = Release|Any CPU
		{6C15C979-060F-4501-85DC-B71D315C56D6}.Release|Any CPU.Build.0 = Release|Any CPU
	EndGlobalSection
	GlobalSection(SolutionProperties) = preSolution
		HideSolutionNode = FALSE
	EndGlobalSection
	GlobalSection(ExtensibilityGlobals) = postSolution
		SolutionGuid = {E00CB6AB-253C-45E8-ADF6-CFEE63F9EE4F}
	EndGlobalSection
EndGlobal
